
Microsoft Visual Studio Solution File, Format Version 12.00
# Visual Studio 15
VisualStudioVersion = 15.0.28010.2016
MinimumVisualStudioVersion = 10.0.40219.1
Project("{8BC9CEB8-8B4A-11D0-8D11-00A0C91BC942}") = "zadatak temperatura", "zadatak temperatura\zadatak temperatura.vcxproj", "{669B5613-819C-499B-8C18-E43EB1DA1A93}"
EndProject
Global
	GlobalSection(SolutionConfigurationPlatforms) = preSolution
		Debug|x64 = Debug|x64
		Debug|x86 = Debug|x86
		Release|x64 = Release|x64
		Release|x86 = Release|x86
	EndGlobalSection
	GlobalSection(ProjectConfigurationPlatforms) = postSolution
		{669B5613-819C-499B-8C18-E43EB1DA1A93}.Debug|x64.ActiveCfg = Debug|x64
		{669B5613-819C-499B-8C18-E43EB1DA1A93}.Debug|x64.Build.0 = Debug|x64
		{669B5613-819C-499B-8C18-E43EB1DA1A93}.Debug|x86.ActiveCfg = Debug|Win32
		{669B5613-819C-499B-8C18-E43EB1DA1A93}.Debug|x86.Build.0 = Debug|Win32
		{669B5613-819C-499B-8C18-E43EB1DA1A93}.Release|x64.ActiveCfg = Release|x64
		{669B5613-819C-499B-8C18-E43EB1DA1A93}.Release|x64.Build.0 = Release|x64
		{669B5613-819C-499B-8C18-E43EB1DA1A93}.Release|x86.ActiveCfg = Release|Win32
		{669B5613-819C-499B-8C18-E43EB1DA1A93}.Release|x86.Build.0 = Release|Win32
	EndGlobalSection
	GlobalSection(SolutionProperties) = preSolution
		HideSolutionNode = FALSE
	EndGlobalSection
	GlobalSection(ExtensibilityGlobals) = postSolution
		SolutionGuid = {9144C403-0787-4E0E-ACE9-262B41863A7C}
	EndGlobalSection
EndGlobal
